// !$*UTF8*$!
{
	archiveVersion = 1;
	classes = {
	};
	objectVersion = 77;
	objects = {

/* Begin PBXBuildFile section */
		78CDFC3D2E678FB4004D60A1 /* Launch Screen.storyboard in Resources */ = {isa = PBXBuildFile; fileRef = 78CDFC3C2E678FB4004D60A1 /* Launch Screen.storyboard */; };
		78CDFC3F2E678FF3004D60A1 /* Launch Screen 2.storyboard in Resources */ = {isa = PBXBuildFile; fileRef = 78CDFC3E2E678FF3004D60A1 /* Launch Screen 2.storyboard */; };
/* End PBXBuildFile section */

/* Begin PBXContainerItemProxy section */
		78F1BF922E5F4F9F00A2A893 /* PBXContainerItemProxy */ = {
			isa = PBXContainerItemProxy;
			containerPortal = 78F1BF7B2E5F4F9B00A2A893 /* Project object */;
			proxyType = 1;
			remoteGlobalIDString = 78F1BF822E5F4F9B00A2A893;
			remoteInfo = TH_Novo_NotePlay;
		};
		78F1BF9C2E5F4F9F00A2A893 /* PBXContainerItemProxy */ = {
			isa = PBXContainerItemProxy;
			containerPortal = 78F1BF7B2E5F4F9B00A2A893 /* Project object */;
			proxyType = 1;
			remoteGlobalIDString = 78F1BF822E5F4F9B00A2A893;
			remoteInfo = TH_Novo_NotePlay;
		};
/* End PBXContainerItemProxy section */

/* Begin PBXFileReference section */
		78CDFC3C2E678FB4004D60A1 /* Launch Screen.storyboard */ = {isa = PBXFileReference; lastKnownFileType = file.storyboard; path = "Launch Screen.storyboard"; sourceTree = "<group>"; };
		78CDFC3E2E678FF3004D60A1 /* Launch Screen 2.storyboard */ = {isa = PBXFileReference; lastKnownFileType = file.storyboard; path = "Launch Screen 2.storyboard"; sourceTree = "<group>"; };
		78F1BF832E5F4F9B00A2A893 /* TH_Novo_NotePlay.app */ = {isa = PBXFileReference; explicitFileType = wrapper.application; includeInIndex = 0; path = TH_Novo_NotePlay.app; sourceTree = BUILT_PRODUCTS_DIR; };
		78F1BF912E5F4F9F00A2A893 /* TH_Novo_NotePlayTests.xctest */ = {isa = PBXFileReference; explicitFileType = wrapper.cfbundle; includeInIndex = 0; path = TH_Novo_NotePlayTests.xctest; sourceTree = BUILT_PRODUCTS_DIR; };
		78F1BF9B2E5F4F9F00A2A893 /* TH_Novo_NotePlayUITests.xctest */ = {isa = PBXFileReference; explicitFileType = wrapper.cfbundle; includeInIndex = 0; path = TH_Novo_NotePlayUITests.xctest; sourceTree = BUILT_PRODUCTS_DIR; };
/* End PBXFileReference section */

/* Begin PBXFileSystemSynchronizedRootGroup section */
		78F1BF852E5F4F9B00A2A893 /* TH_Novo_NotePlay */ = {
			isa = PBXFileSystemSynchronizedRootGroup;
			path = TH_Novo_NotePlay;
			sourceTree = "<group>";
		};
		78F1BF942E5F4F9F00A2A893 /* TH_Novo_NotePlayTests */ = {
			isa = PBXFileSystemSynchronizedRootGroup;
			path = TH_Novo_NotePlayTests;
			sourceTree = "<group>";
		};
		78F1BF9E2E5F4F9F00A2A893 /* TH_Novo_NotePlayUITests */ = {
			isa = PBXFileSystemSynchronizedRootGroup;
			path = TH_Novo_NotePlayUITests;
			sourceTree = "<group>";
		};
/* End PBXFileSystemSynchronizedRootGroup section */

/* Begin PBXFrameworksBuildPhase section */
		78F1BF802E5F4F9B00A2A893 /* Frameworks */ = {
			isa = PBXFrameworksBuildPhase;
			buildActionMask = 2147483647;
			files = (
			);
			runOnlyForDeploymentPostprocessing = 0;
		};
		78F1BF8E2E5F4F9F00A2A893 /* Frameworks */ = {
			isa = PBXFrameworksBuildPhase;
			buildActionMask = 2147483647;
			files = (
			);
			runOnlyForDeploymentPostprocessing = 0;
		};
		78F1BF982E5F4F9F00A2A893 /* Frameworks */ = {
			isa = PBXFrameworksBuildPhase;
			buildActionMask = 2147483647;
			files = (
			);
			runOnlyForDeploymentPostprocessing = 0;
		};
/* End PBXFrameworksBuildPhase section */

/* Begin PBXGroup section */
		78F1BF7A2E5F4F9B00A2A893 = {
			isa = PBXGroup;
			children = (
				78CDFC3C2E678FB4004D60A1 /* Launch Screen.storyboard */,
				78CDFC3E2E678FF3004D60A1 /* Launch Screen 2.storyboard */,
				78F1BF852E5F4F9B00A2A893 /* TH_Novo_NotePlay */,
				78F1BF942E5F4F9F00A2A893 /* TH_Novo_NotePlayTests */,
				78F1BF9E2E5F4F9F00A2A893 /* TH_Novo_NotePlayUITests */,
				78F1BF842E5F4F9B00A2A893 /* Products */,
			);
			sourceTree = "<group>";
		};
		78F1BF842E5F4F9B00A2A893 /* Products */ = {
			isa = PBXGroup;
			children = (
				78F1BF832E5F4F9B00A2A893 /* TH_Novo_NotePlay.app */,
				78F1BF912E5F4F9F00A2A893 /* TH_Novo_NotePlayTests.xctest */,
				78F1BF9B2E5F4F9F00A2A893 /* TH_Novo_NotePlayUITests.xctest */,
			);
			name = Products;
			sourceTree = "<group>";
		};
/* End PBXGroup section */

/* Begin PBXNativeTarget section */
		78F1BF822E5F4F9B00A2A893 /* TH_Novo_NotePlay */ = {
			isa = PBXNativeTarget;
			buildConfigurationList = 78F1BFA52E5F4F9F00A2A893 /* Build configuration list for PBXNativeTarget "TH_Novo_NotePlay" */;
			buildPhases = (
				78F1BF7F2E5F4F9B00A2A893 /* Sources */,
				78F1BF802E5F4F9B00A2A893 /* Frameworks */,
				78F1BF812E5F4F9B00A2A893 /* Resources */,
			);
			buildRules = (
			);
			dependencies = (
			);
			fileSystemSynchronizedGroups = (
				78F1BF852E5F4F9B00A2A893 /* TH_Novo_NotePlay */,
			);
			name = TH_Novo_NotePlay;
			packageProductDependencies = (
			);
			productName = TH_Novo_NotePlay;
			productReference = 78F1BF832E5F4F9B00A2A893 /* TH_Novo_NotePlay.app */;
			productType = "com.apple.product-type.application";
		};
		78F1BF902E5F4F9F00A2A893 /* TH_Novo_NotePlayTests */ = {
			isa = PBXNativeTarget;
			buildConfigurationList = 78F1BFA82E5F4F9F00A2A893 /* Build configuration list for PBXNativeTarget "TH_Novo_NotePlayTests" */;
			buildPhases = (
				78F1BF8D2E5F4F9F00A2A893 /* Sources */,
				78F1BF8E2E5F4F9F00A2A893 /* Frameworks */,
				78F1BF8F2E5F4F9F00A2A893 /* Resources */,
			);
			buildRules = (
			);
			dependencies = (
				78F1BF932E5F4F9F00A2A893 /* PBXTargetDependency */,
			);
			fileSystemSynchronizedGroups = (
				78F1BF942E5F4F9F00A2A893 /* TH_Novo_NotePlayTests */,
			);
			name = TH_Novo_NotePlayTests;
			packageProductDependencies = (
			);
			productName = TH_Novo_NotePlayTests;
			productReference = 78F1BF912E5F4F9F00A2A893 /* TH_Novo_NotePlayTests.xctest */;
			productType = "com.apple.product-type.bundle.unit-test";
		};
		78F1BF9A2E5F4F9F00A2A893 /* TH_Novo_NotePlayUITests */ = {
			isa = PBXNativeTarget;
			buildConfigurationList = 78F1BFAB2E5F4F9F00A2A893 /* Build configuration list for PBXNativeTarget "TH_Novo_NotePlayUITests" */;
			buildPhases = (
				78F1BF972E5F4F9F00A2A893 /* Sources */,
				78F1BF982E5F4F9F00A2A893 /* Frameworks */,
				78F1BF992E5F4F9F00A2A893 /* Resources */,
			);
			buildRules = (
			);
			dependencies = (
				78F1BF9D2E5F4F9F00A2A893 /* PBXTargetDependency */,
			);
			fileSystemSynchronizedGroups = (
				78F1BF9E2E5F4F9F00A2A893 /* TH_Novo_NotePlayUITests */,
			);
			name = TH_Novo_NotePlayUITests;
			packageProductDependencies = (
			);
			productName = TH_Novo_NotePlayUITests;
			productReference = 78F1BF9B2E5F4F9F00A2A893 /* TH_Novo_NotePlayUITests.xctest */;
			productType = "com.apple.product-type.bundle.ui-testing";
		};
/* End PBXNativeTarget section */

/* Begin PBXProject section */
		78F1BF7B2E5F4F9B00A2A893 /* Project object */ = {
			isa = PBXProject;
			attributes = {
				BuildIndependentTargetsInParallel = 1;
				LastSwiftUpdateCheck = 1630;
				LastUpgradeCheck = 1630;
				TargetAttributes = {
					78F1BF822E5F4F9B00A2A893 = {
						CreatedOnToolsVersion = 16.3;
					};
					78F1BF902E5F4F9F00A2A893 = {
						CreatedOnToolsVersion = 16.3;
						TestTargetID = 78F1BF822E5F4F9B00A2A893;
					};
					78F1BF9A2E5F4F9F00A2A893 = {
						CreatedOnToolsVersion = 16.3;
						TestTargetID = 78F1BF822E5F4F9B00A2A893;
					};
				};
			};
			buildConfigurationList = 78F1BF7E2E5F4F9B00A2A893 /* Build configuration list for PBXProject "TH_Novo_NotePlay" */;
			developmentRegion = en;
			hasScannedForEncodings = 0;
			knownRegions = (
				en,
				Base,
			);
			mainGroup = 78F1BF7A2E5F4F9B00A2A893;
			minimizedProjectReferenceProxies = 1;
			preferredProjectObjectVersion = 77;
			productRefGroup = 78F1BF842E5F4F9B00A2A893 /* Products */;
			projectDirPath = "";
			projectRoot = "";
			targets = (
				78F1BF822E5F4F9B00A2A893 /* TH_Novo_NotePlay */,
				78F1BF902E5F4F9F00A2A893 /* TH_Novo_NotePlayTests */,
				78F1BF9A2E5F4F9F00A2A893 /* TH_Novo_NotePlayUITests */,
			);
		};
/* End PBXProject section */

/* Begin PBXResourcesBuildPhase section */
		78F1BF812E5F4F9B00A2A893 /* Resources */ = {
			isa = PBXResourcesBuildPhase;
			buildActionMask = 2147483647;
			files = (
				78CDFC3D2E678FB4004D60A1 /* Launch Screen.storyboard in Resources */,
				78CDFC3F2E678FF3004D60A1 /* Launch Screen 2.storyboard in Resources */,
			);
			runOnlyForDeploymentPostprocessing = 0;
		};
		78F1BF8F2E5F4F9F00A2A893 /* Resources */ = {
			isa = PBXResourcesBuildPhase;
			buildActionMask = 2147483647;
			files = (
			);
			runOnlyForDeploymentPostprocessing = 0;
		};
		78F1BF992E5F4F9F00A2A893 /* Resources */ = {
			isa = PBXResourcesBuildPhase;
			buildActionMask = 2147483647;
			files = (
			);
			runOnlyForDeploymentPostprocessing = 0;
		};
/* End PBXResourcesBuildPhase section */

/* Begin PBXSourcesBuildPhase section */
		78F1BF7F2E5F4F9B00A2A893 /* Sources */ = {
			isa = PBXSourcesBuildPhase;
			buildActionMask = 2147483647;
			files = (
			);
			runOnlyForDeploymentPostprocessing = 0;
		};
		78F1BF8D2E5F4F9F00A2A893 /* Sources */ = {
			isa = PBXSourcesBuildPhase;
			buildActionMask = 2147483647;
			files = (
			);
			runOnlyForDeploymentPostprocessing = 0;
		};
		78F1BF972E5F4F9F00A2A893 /* Sources */ = {
			isa = PBXSourcesBuildPhase;
			buildActionMask = 2147483647;
			files = (
			);
			runOnlyForDeploymentPostprocessing = 0;
		};
/* End PBXSourcesBuildPhase section */

/* Begin PBXTargetDependency section */
		78F1BF932E5F4F9F00A2A893 /* PBXTargetDependency */ = {
			isa = PBXTargetDependency;
			target = 78F1BF822E5F4F9B00A2A893 /* TH_Novo_NotePlay */;
			targetProxy = 78F1BF922E5F4F9F00A2A893 /* PBXContainerItemProxy */;
		};
		78F1BF9D2E5F4F9F00A2A893 /* PBXTargetDependency */ = {
			isa = PBXTargetDependency;
			target = 78F1BF822E5F4F9B00A2A893 /* TH_Novo_NotePlay */;
			targetProxy = 78F1BF9C2E5F4F9F00A2A893 /* PBXContainerItemProxy */;
		};
/* End PBXTargetDependency section */

/* Begin XCBuildConfiguration section */
		78F1BFA32E5F4F9F00A2A893 /* Debug */ = {
			isa = XCBuildConfiguration;
			buildSettings = {
				ALWAYS_SEARCH_USER_PATHS = NO;
				ASSETCATALOG_COMPILER_GENERATE_SWIFT_ASSET_SYMBOL_EXTENSIONS = YES;
				CLANG_ANALYZER_NONNULL = YES;
				CLANG_ANALYZER_NUMBER_OBJECT_CONVERSION = YES_AGGRESSIVE;
				CLANG_CXX_LANGUAGE_STANDARD = "gnu++20";
				CLANG_ENABLE_MODULES = YES;
				CLANG_ENABLE_OBJC_ARC = YES;
				CLANG_ENABLE_OBJC_WEAK = YES;
				CLANG_WARN_BLOCK_CAPTURE_AUTORELEASING = YES;
				CLANG_WARN_BOOL_CONVERSION = YES;
				CLANG_WARN_COMMA = YES;
				CLANG_WARN_CONSTANT_CONVERSION = YES;
				CLANG_WARN_DEPRECATED_OBJC_IMPLEMENTATIONS = YES;
				CLANG_WARN_DIRECT_OBJC_ISA_USAGE = YES_ERROR;
				CLANG_WARN_DOCUMENTATION_COMMENTS = YES;
				CLANG_WARN_EMPTY_BODY = YES;
				CLANG_WARN_ENUM_CONVERSION = YES;
				CLANG_WARN_INFINITE_RECURSION = YES;
				CLANG_WARN_INT_CONVERSION = YES;
				CLANG_WARN_NON_LITERAL_NULL_CONVERSION = YES;
				CLANG_WARN_OBJC_IMPLICIT_RETAIN_SELF = YES;
				CLANG_WARN_OBJC_LITERAL_CONVERSION = YES;
				CLANG_WARN_OBJC_ROOT_CLASS = YES_ERROR;
				CLANG_WARN_QUOTED_INCLUDE_IN_FRAMEWORK_HEADER = YES;
				CLANG_WARN_RANGE_LOOP_ANALYSIS = YES;
				CLANG_WARN_STRICT_PROTOTYPES = YES;
				CLANG_WARN_SUSPICIOUS_MOVE = YES;
				CLANG_WARN_UNGUARDED_AVAILABILITY = YES_AGGRESSIVE;
				CLANG_WARN_UNREACHABLE_CODE = YES;
				CLANG_WARN__DUPLICATE_METHOD_MATCH = YES;
				COPY_PHASE_STRIP = NO;
				DEBUG_INFORMATION_FORMAT = dwarf;
				ENABLE_STRICT_OBJC_MSGSEND = YES;
				ENABLE_TESTABILITY = YES;
				ENABLE_USER_SCRIPT_SANDBOXING = YES;
				GCC_C_LANGUAGE_STANDARD = gnu17;
				GCC_DYNAMIC_NO_PIC = NO;
				GCC_NO_COMMON_BLOCKS = YES;
				GCC_OPTIMIZATION_LEVEL = 0;
				GCC_PREPROCESSOR_DEFINITIONS = (
					"DEBUG=1",
					"$(inherited)",
				);
				GCC_WARN_64_TO_32_BIT_CONVERSION = YES;
				GCC_WARN_ABOUT_RETURN_TYPE = YES_ERROR;
				GCC_WARN_UNDECLARED_SELECTOR = YES;
				GCC_WARN_UNINITIALIZED_AUTOS = YES_AGGRESSIVE;
				GCC_WARN_UNUSED_FUNCTION = YES;
				GCC_WARN_UNUSED_VARIABLE = YES;
				LOCALIZATION_PREFERS_STRING_CATALOGS = YES;
				MTL_ENABLE_DEBUG_INFO = INCLUDE_SOURCE;
				MTL_FAST_MATH = YES;
				ONLY_ACTIVE_ARCH = YES;
				SWIFT_ACTIVE_COMPILATION_CONDITIONS = "DEBUG $(inherited)";
				SWIFT_OPTIMIZATION_LEVEL = "-Onone";
			};
			name = Debug;
		};
		78F1BFA42E5F4F9F00A2A893 /* Release */ = {
			isa = XCBuildConfiguration;
			buildSettings = {
				ALWAYS_SEARCH_USER_PATHS = NO;
				ASSETCATALOG_COMPILER_GENERATE_SWIFT_ASSET_SYMBOL_EXTENSIONS = YES;
				CLANG_ANALYZER_NONNULL = YES;
				CLANG_ANALYZER_NUMBER_OBJECT_CONVERSION = YES_AGGRESSIVE;
				CLANG_CXX_LANGUAGE_STANDARD = "gnu++20";
				CLANG_ENABLE_MODULES = YES;
				CLANG_ENABLE_OBJC_ARC = YES;
				CLANG_ENABLE_OBJC_WEAK = YES;
				CLANG_WARN_BLOCK_CAPTURE_AUTORELEASING = YES;
				CLANG_WARN_BOOL_CONVERSION = YES;
				CLANG_WARN_COMMA = YES;
				CLANG_WARN_CONSTANT_CONVERSION = YES;
				CLANG_WARN_DEPRECATED_OBJC_IMPLEMENTATIONS = YES;
				CLANG_WARN_DIRECT_OBJC_ISA_USAGE = YES_ERROR;
				CLANG_WARN_DOCUMENTATION_COMMENTS = YES;
				CLANG_WARN_EMPTY_BODY = YES;
				CLANG_WARN_ENUM_CONVERSION = YES;
				CLANG_WARN_INFINITE_RECURSION = YES;
				CLANG_WARN_INT_CONVERSION = YES;
				CLANG_WARN_NON_LITERAL_NULL_CONVERSION = YES;
				CLANG_WARN_OBJC_IMPLICIT_RETAIN_SELF = YES;
				CLANG_WARN_OBJC_LITERAL_CONVERSION = YES;
				CLANG_WARN_OBJC_ROOT_CLASS = YES_ERROR;
				CLANG_WARN_QUOTED_INCLUDE_IN_FRAMEWORK_HEADER = YES;
				CLANG_WARN_RANGE_LOOP_ANALYSIS = YES;
				CLANG_WARN_STRICT_PROTOTYPES = YES;
				CLANG_WARN_SUSPICIOUS_MOVE = YES;
				CLANG_WARN_UNGUARDED_AVAILABILITY = YES_AGGRESSIVE;
				CLANG_WARN_UNREACHABLE_CODE = YES;
				CLANG_WARN__DUPLICATE_METHOD_MATCH = YES;
				COPY_PHASE_STRIP = NO;
				DEBUG_INFORMATION_FORMAT = "dwarf-with-dsym";
				ENABLE_NS_ASSERTIONS = NO;
				ENABLE_STRICT_OBJC_MSGSEND = YES;
				ENABLE_USER_SCRIPT_SANDBOXING = YES;
				GCC_C_LANGUAGE_STANDARD = gnu17;
				GCC_NO_COMMON_BLOCKS = YES;
				GCC_WARN_64_TO_32_BIT_CONVERSION = YES;
				GCC_WARN_ABOUT_RETURN_TYPE = YES_ERROR;
				GCC_WARN_UNDECLARED_SELECTOR = YES;
				GCC_WARN_UNINITIALIZED_AUTOS = YES_AGGRESSIVE;
				GCC_WARN_UNUSED_FUNCTION = YES;
				GCC_WARN_UNUSED_VARIABLE = YES;
				LOCALIZATION_PREFERS_STRING_CATALOGS = YES;
				MTL_ENABLE_DEBUG_INFO = NO;
				MTL_FAST_MATH = YES;
				SWIFT_COMPILATION_MODE = wholemodule;
			};
			name = Release;
		};
		78F1BFA62E5F4F9F00A2A893 /* Debug */ = {
			isa = XCBuildConfiguration;
			buildSettings = {
				ASSETCATALOG_COMPILER_APPICON_NAME = AppIcon;
				ASSETCATALOG_COMPILER_GLOBAL_ACCENT_COLOR_NAME = AccentColor;
				CODE_SIGN_ENTITLEMENTS = TH_Novo_NotePlay/TH_Novo_NotePlay.entitlements;
				CODE_SIGN_STYLE = Automatic;
				CURRENT_PROJECT_VERSION = 1;
				ENABLE_PREVIEWS = YES;
				GENERATE_INFOPLIST_FILE = YES;
				INFOPLIST_KEY_CFBundleDisplayName = NotePlay;
				"INFOPLIST_KEY_UIApplicationSceneManifest_Generation[sdk=iphoneos*]" = YES;
				"INFOPLIST_KEY_UIApplicationSceneManifest_Generation[sdk=iphonesimulator*]" = YES;
				"INFOPLIST_KEY_UIApplicationSupportsIndirectInputEvents[sdk=iphoneos*]" = YES;
				"INFOPLIST_KEY_UIApplicationSupportsIndirectInputEvents[sdk=iphonesimulator*]" = YES;
				"INFOPLIST_KEY_UILaunchScreen_Generation[sdk=iphoneos*]" = YES;
				"INFOPLIST_KEY_UILaunchScreen_Generation[sdk=iphonesimulator*]" = YES;
				INFOPLIST_KEY_UILaunchStoryboardName = "Launch Screen.storyboard";
				"INFOPLIST_KEY_UIStatusBarStyle[sdk=iphoneos*]" = UIStatusBarStyleDefault;
				"INFOPLIST_KEY_UIStatusBarStyle[sdk=iphonesimulator*]" = UIStatusBarStyleDefault;
				INFOPLIST_KEY_UISupportedInterfaceOrientations = UIInterfaceOrientationPortrait;
				INFOPLIST_KEY_UISupportedInterfaceOrientations_iPad = "UIInterfaceOrientationLandscapeLeft UIInterfaceOrientationLandscapeRight UIInterfaceOrientationPortrait UIInterfaceOrientationPortraitUpsideDown";
				IPHONEOS_DEPLOYMENT_TARGET = 15.6;
				LD_RUNPATH_SEARCH_PATHS = "@executable_path/Frameworks";
				"LD_RUNPATH_SEARCH_PATHS[sdk=macosx*]" = "@executable_path/../Frameworks";
				MACOSX_DEPLOYMENT_TARGET = 15.4;
				MARKETING_VERSION = 1.0;
				PRODUCT_BUNDLE_IDENTIFIER = "DJU.TH-Novo-NotePlay";
				PRODUCT_NAME = "$(TARGET_NAME)";
				REGISTER_APP_GROUPS = YES;
				SDKROOT = auto;
				SUPPORTED_PLATFORMS = "iphoneos iphonesimulator";
				SUPPORTS_MACCATALYST = NO;
				SWIFT_EMIT_LOC_STRINGS = YES;
				SWIFT_VERSION = 5.0;
				TARGETED_DEVICE_FAMILY = 1;
				XROS_DEPLOYMENT_TARGET = 2.4;
			};
			name = Debug;
		};
		78F1BFA72E5F4F9F00A2A893 /* Release */ = {
			isa = XCBuildConfiguration;
			buildSettings = {
				ASSETCATALOG_COMPILER_APPICON_NAME = AppIcon;
				ASSETCATALOG_COMPILER_GLOBAL_ACCENT_COLOR_NAME = AccentColor;
				CODE_SIGN_ENTITLEMENTS = TH_Novo_NotePlay/TH_Novo_NotePlay.entitlements;
				CODE_SIGN_STYLE = Automatic;
				CURRENT_PROJECT_VERSION = 1;
				ENABLE_PREVIEWS = YES;
				GENERATE_INFOPLIST_FILE = YES;
				INFOPLIST_KEY_CFBundleDisplayName = NotePlay;
				"INFOPLIST_KEY_UIApplicationSceneManifest_Generation[sdk=iphoneos*]" = YES;
				"INFOPLIST_KEY_UIApplicationSceneManifest_Generation[sdk=iphonesimulator*]" = YES;
				"INFOPLIST_KEY_UIApplicationSupportsIndirectInputEvents[sdk=iphoneos*]" = YES;
				"INFOPLIST_KEY_UIApplicationSupportsIndirectInputEvents[sdk=iphonesimulator*]" = YES;
				"INFOPLIST_KEY_UILaunchScreen_Generation[sdk=iphoneos*]" = YES;
				"INFOPLIST_KEY_UILaunchScreen_Generation[sdk=iphonesimulator*]" = YES;
				INFOPLIST_KEY_UILaunchStoryboardName = "Launch Screen.storyboard";
				"INFOPLIST_KEY_UIStatusBarStyle[sdk=iphoneos*]" = UIStatusBarStyleDefault;
				"INFOPLIST_KEY_UIStatusBarStyle[sdk=iphonesimulator*]" = UIStatusBarStyleDefault;
				INFOPLIST_KEY_UISupportedInterfaceOrientations = UIInterfaceOrientationPortrait;
				INFOPLIST_KEY_UISupportedInterfaceOrientations_iPad = "UIInterfaceOrientationLandscapeLeft UIInterfaceOrientationLandscapeRight UIInterfaceOrientationPortrait UIInterfaceOrientationPortraitUpsideDown";
				IPHONEOS_DEPLOYMENT_TARGET = 15.6;
				LD_RUNPATH_SEARCH_PATHS = "@executable_path/Frameworks";
				"LD_RUNPATH_SEARCH_PATHS[sdk=macosx*]" = "@executable_path/../Frameworks";
				MACOSX_DEPLOYMENT_TARGET = 15.4;
				MARKETING_VERSION = 1.0;
				PRODUCT_BUNDLE_IDENTIFIER = "DJU.TH-Novo-NotePlay";
				PRODUCT_NAME = "$(TARGET_NAME)";
				REGISTER_APP_GROUPS = YES;
				SDKROOT = auto;
				SUPPORTED_PLATFORMS = "iphoneos iphonesimulator";
				SUPPORTS_MACCATALYST = NO;
				SWIFT_EMIT_LOC_STRINGS = YES;
				SWIFT_VERSION = 5.0;
				TARGETED_DEVICE_FAMILY = 1;
				XROS_DEPLOYMENT_TARGET = 2.4;
			};
			name = Release;
		};
		78F1BFA92E5F4F9F00A2A893 /* Debug */ = {
			isa = XCBuildConfiguration;
			buildSettings = {
				BUNDLE_LOADER = "$(TEST_HOST)";
				CODE_SIGN_STYLE = Automatic;
				CURRENT_PROJECT_VERSION = 1;
				GENERATE_INFOPLIST_FILE = YES;
				IPHONEOS_DEPLOYMENT_TARGET = 18.4;
				MACOSX_DEPLOYMENT_TARGET = 15.4;
				MARKETING_VERSION = 1.0;
				PRODUCT_BUNDLE_IDENTIFIER = "DJU.TH-Novo-NotePlayTests";
				PRODUCT_NAME = "$(TARGET_NAME)";
				SDKROOT = auto;
				SUPPORTED_PLATFORMS = "iphoneos iphonesimulator macosx xros xrsimulator";
				SWIFT_EMIT_LOC_STRINGS = NO;
				SWIFT_VERSION = 5.0;
				TARGETED_DEVICE_FAMILY = "1,2,7";
				TEST_HOST = "$(BUILT_PRODUCTS_DIR)/TH_Novo_NotePlay.app/$(BUNDLE_EXECUTABLE_FOLDER_PATH)/TH_Novo_NotePlay";
				XROS_DEPLOYMENT_TARGET = 2.4;
			};
			name = Debug;
		};
		78F1BFAA2E5F4F9F00A2A893 /* Release */ = {
			isa = XCBuildConfiguration;
			buildSettings = {
				BUNDLE_LOADER = "$(TEST_HOST)";
				CODE_SIGN_STYLE = Automatic;
				CURRENT_PROJECT_VERSION = 1;
				GENERATE_INFOPLIST_FILE = YES;
				IPHONEOS_DEPLOYMENT_TARGET = 18.4;
				MACOSX_DEPLOYMENT_TARGET = 15.4;
				MARKETING_VERSION = 1.0;
				PRODUCT_BUNDLE_IDENTIFIER = "DJU.TH-Novo-NotePlayTests";
				PRODUCT_NAME = "$(TARGET_NAME)";
				SDKROOT = auto;
				SUPPORTED_PLATFORMS = "iphoneos iphonesimulator macosx xros xrsimulator";
				SWIFT_EMIT_LOC_STRINGS = NO;
				SWIFT_VERSION = 5.0;
				TARGETED_DEVICE_FAMILY = "1,2,7";
				TEST_HOST = "$(BUILT_PRODUCTS_DIR)/TH_Novo_NotePlay.app/$(BUNDLE_EXECUTABLE_FOLDER_PATH)/TH_Novo_NotePlay";
				XROS_DEPLOYMENT_TARGET = 2.4;
			};
			name = Release;
		};
		78F1BFAC2E5F4F9F00A2A893 /* Debug */ = {
			isa = XCBuildConfiguration;
			buildSettings = {
				CODE_SIGN_STYLE = Automatic;
				CURRENT_PROJECT_VERSION = 1;
				GENERATE_INFOPLIST_FILE = YES;
				IPHONEOS_DEPLOYMENT_TARGET = 18.4;
				MACOSX_DEPLOYMENT_TARGET = 15.4;
				MARKETING_VERSION = 1.0;
				PRODUCT_BUNDLE_IDENTIFIER = "DJU.TH-Novo-NotePlayUITests";
				PRODUCT_NAME = "$(TARGET_NAME)";
				SDKROOT = auto;
				SUPPORTED_PLATFORMS = "iphoneos iphonesimulator macosx xros xrsimulator";
				SWIFT_EMIT_LOC_STRINGS = NO;
				SWIFT_VERSION = 5.0;
				TARGETED_DEVICE_FAMILY = "1,2,7";
				TEST_TARGET_NAME = TH_Novo_NotePlay;
				XROS_DEPLOYMENT_TARGET = 2.4;
			};
			name = Debug;
		};
		78F1BFAD2E5F4F9F00A2A893 /* Release */ = {
			isa = XCBuildConfiguration;
			buildSettings = {
				CODE_SIGN_STYLE = Automatic;
				CURRENT_PROJECT_VERSION = 1;
				GENERATE_INFOPLIST_FILE = YES;
				IPHONEOS_DEPLOYMENT_TARGET = 18.4;
				MACOSX_DEPLOYMENT_TARGET = 15.4;
				MARKETING_VERSION = 1.0;
				PRODUCT_BUNDLE_IDENTIFIER = "DJU.TH-Novo-NotePlayUITests";
				PRODUCT_NAME = "$(TARGET_NAME)";
				SDKROOT = auto;
				SUPPORTED_PLATFORMS = "iphoneos iphonesimulator macosx xros xrsimulator";
				SWIFT_EMIT_LOC_STRINGS = NO;
				SWIFT_VERSION = 5.0;
				TARGETED_DEVICE_FAMILY = "1,2,7";
				TEST_TARGET_NAME = TH_Novo_NotePlay;
				XROS_DEPLOYMENT_TARGET = 2.4;
			};
			name = Release;
		};
/* End XCBuildConfiguration section */

/* Begin XCConfigurationList section */
		78F1BF7E2E5F4F9B00A2A893 /* Build configuration list for PBXProject "TH_Novo_NotePlay" */ = {
			isa = XCConfigurationList;
			buildConfigurations = (
				78F1BFA32E5F4F9F00A2A893 /* Debug */,
				78F1BFA42E5F4F9F00A2A893 /* Release */,
			);
			defaultConfigurationIsVisible = 0;
			defaultConfigurationName = Release;
		};
		78F1BFA52E5F4F9F00A2A893 /* Build configuration list for PBXNativeTarget "TH_Novo_NotePlay" */ = {
			isa = XCConfigurationList;
			buildConfigurations = (
				78F1BFA62E5F4F9F00A2A893 /* Debug */,
				78F1BFA72E5F4F9F00A2A893 /* Release */,
			);
			defaultConfigurationIsVisible = 0;
			defaultConfigurationName = Release;
		};
		78F1BFA82E5F4F9F00A2A893 /* Build configuration list for PBXNativeTarget "TH_Novo_NotePlayTests" */ = {
			isa = XCConfigurationList;
			buildConfigurations = (
				78F1BFA92E5F4F9F00A2A893 /* Debug */,
				78F1BFAA2E5F4F9F00A2A893 /* Release */,
			);
			defaultConfigurationIsVisible = 0;
			defaultConfigurationName = Release;
		};
		78F1BFAB2E5F4F9F00A2A893 /* Build configuration list for PBXNativeTarget "TH_Novo_NotePlayUITests" */ = {
			isa = XCConfigurationList;
			buildConfigurations = (
				78F1BFAC2E5F4F9F00A2A893 /* Debug */,
				78F1BFAD2E5F4F9F00A2A893 /* Release */,
			);
			defaultConfigurationIsVisible = 0;
			defaultConfigurationName = Release;
		};
/* End XCConfigurationList section */
	};
	rootObject = 78F1BF7B2E5F4F9B00A2A893 /* Project object */;
}
